
Microsoft Visual Studio Solution File, Format Version 12.00
# Visual Studio Version 17
VisualStudioVersion = 17.3.32929.385
MinimumVisualStudioVersion = 10.0.40219.1
Project("{FAE04EC0-301F-11D3-BF4B-00C04F79EFBC}") = "CA3_OisinDuffy", "CA3_OisinDuffy\CA3_OisinDuffy.csproj", "{203C6B6C-52A6-4351-8B59-84B526EEF420}"
EndProject
Global
	GlobalSection(SolutionConfigurationPlatforms) = preSolution
		Debug|Any CPU = Debug|Any CPU
		Release|Any CPU = Release|Any CPU
	EndGlobalSection
	GlobalSection(ProjectConfigurationPlatforms) = postSolution
		{203C6B6C-52A6-4351-8B59-84B526EEF420}.Debug|Any CPU.ActiveCfg = Debug|Any CPU
		{203C6B6C-52A6-4351-8B59-84B526EEF420}.Debug|Any CPU.Build.0 = Debug|Any CPU
		{203C6B6C-52A6-4351-8B59-84B526EEF420}.Release|Any CPU.ActiveCfg = Release|Any CPU
		{203C6B6C-52A6-4351-8B59-84B526EEF420}.Release|Any CPU.Build.0 = Release|Any CPU
	EndGlobalSection
	GlobalSection(SolutionProperties) = preSolution
		HideSolutionNode = FALSE
	EndGlobalSection
	GlobalSection(ExtensibilityGlobals) = postSolution
		SolutionGuid = {2F2CB053-A602-4A3F-A521-4FF617F7CA1C}
	EndGlobalSection
EndGlobal
